
Microsoft Visual Studio Solution File, Format Version 12.00
# Visual Studio Version 17
VisualStudioVersion = 17.11.35219.272
MinimumVisualStudioVersion = 10.0.40219.1
Project("{FAE04EC0-301F-11D3-BF4B-00C04F79EFBC}") = "Numero par o impar", "Numero par o impar\Numero par o impar.csproj", "{06118E01-2DF5-4777-BC2D-1E90BEEA2FB5}"
EndProject
Global
	GlobalSection(SolutionConfigurationPlatforms) = preSolution
		Debug|Any CPU = Debug|Any CPU
		Release|Any CPU = Release|Any CPU
	EndGlobalSection
	GlobalSection(ProjectConfigurationPlatforms) = postSolution
		{06118E01-2DF5-4777-BC2D-1E90BEEA2FB5}.Debug|Any CPU.ActiveCfg = Debug|Any CPU
		{06118E01-2DF5-4777-BC2D-1E90BEEA2FB5}.Debug|Any CPU.Build.0 = Debug|Any CPU
		{06118E01-2DF5-4777-BC2D-1E90BEEA2FB5}.Release|Any CPU.ActiveCfg = Release|Any CPU
		{06118E01-2DF5-4777-BC2D-1E90BEEA2FB5}.Release|Any CPU.Build.0 = Release|Any CPU
	EndGlobalSection
	GlobalSection(SolutionProperties) = preSolution
		HideSolutionNode = FALSE
	EndGlobalSection
	GlobalSection(ExtensibilityGlobals) = postSolution
		SolutionGuid = {4360A96C-33CE-49C0-AE26-D6C6D215CDCE}
	EndGlobalSection
EndGlobal
