
Microsoft Visual Studio Solution File, Format Version 12.00
# Visual Studio Version 17
VisualStudioVersion = 17.11.35219.272
MinimumVisualStudioVersion = 10.0.40219.1
Project("{FAE04EC0-301F-11D3-BF4B-00C04F79EFBC}") = "Suma de dos numeros", "Suma de dos numeros\Suma de dos numeros.csproj", "{0266E348-36A9-435E-AB2B-E7F9B9751BA7}"
EndProject
Global
	GlobalSection(SolutionConfigurationPlatforms) = preSolution
		Debug|Any CPU = Debug|Any CPU
		Release|Any CPU = Release|Any CPU
	EndGlobalSection
	GlobalSection(ProjectConfigurationPlatforms) = postSolution
		{0266E348-36A9-435E-AB2B-E7F9B9751BA7}.Debug|Any CPU.ActiveCfg = Debug|Any CPU
		{0266E348-36A9-435E-AB2B-E7F9B9751BA7}.Debug|Any CPU.Build.0 = Debug|Any CPU
		{0266E348-36A9-435E-AB2B-E7F9B9751BA7}.Release|Any CPU.ActiveCfg = Release|Any CPU
		{0266E348-36A9-435E-AB2B-E7F9B9751BA7}.Release|Any CPU.Build.0 = Release|Any CPU
	EndGlobalSection
	GlobalSection(SolutionProperties) = preSolution
		HideSolutionNode = FALSE
	EndGlobalSection
	GlobalSection(ExtensibilityGlobals) = postSolution
		SolutionGuid = {2311BA20-C14C-4F5A-A19E-4B3AC52BADBD}
	EndGlobalSection
EndGlobal
